
Microsoft Visual Studio Solution File, Format Version 12.00
# Visual Studio 15
VisualStudioVersion = 15.0.28307.421
MinimumVisualStudioVersion = 10.0.40219.1
Project("{FAE04EC0-301F-11D3-BF4B-00C04F79EFBC}") = "ExampleForKubernetes", "ExampleForKubernetes\ExampleForKubernetes.csproj", "{AEA299E0-1709-4F64-A307-D84E284AD887}"
EndProject
Global
	GlobalSection(SolutionConfigurationPlatforms) = preSolution
		Debug|Any CPU = Debug|Any CPU
		Release|Any CPU = Release|Any CPU
	EndGlobalSection
	GlobalSection(ProjectConfigurationPlatforms) = postSolution
		{AEA299E0-1709-4F64-A307-D84E284AD887}.Debug|Any CPU.ActiveCfg = Debug|Any CPU
		{AEA299E0-1709-4F64-A307-D84E284AD887}.Debug|Any CPU.Build.0 = Debug|Any CPU
		{AEA299E0-1709-4F64-A307-D84E284AD887}.Release|Any CPU.ActiveCfg = Release|Any CPU
		{AEA299E0-1709-4F64-A307-D84E284AD887}.Release|Any CPU.Build.0 = Release|Any CPU
	EndGlobalSection
	GlobalSection(SolutionProperties) = preSolution
		HideSolutionNode = FALSE
	EndGlobalSection
	GlobalSection(ExtensibilityGlobals) = postSolution
		SolutionGuid = {FAD3FFAE-3E13-4BDA-A5F2-A78C5227020E}
	EndGlobalSection
EndGlobal
